PODS:
  - Capacitor (5.4.1):
    - CapacitorCordova
  - CapacitorCordova (5.4.1)
  - MytikiCaptureReceiptCapacitor (0.6.0):
    - Capacitor
  - MytikiTikiSdkCapacitor (0.3.1):
    - Capacitor

DEPENDENCIES:
  - "Capacitor (from `../../node_modules/@capacitor/ios`)"
  - "CapacitorCordova (from `../../node_modules/@capacitor/ios`)"
  - MytikiCaptureReceiptCapacitor (from `../../../../../../capture/receipt/capacitor`)
  - "MytikiTikiSdkCapacitor (from `../../node_modules/@mytiki/tiki-sdk-capacitor`)"

EXTERNAL SOURCES:
  Capacitor:
    :path: "../../node_modules/@capacitor/ios"
  CapacitorCordova:
    :path: "../../node_modules/@capacitor/ios"
  MytikiCaptureReceiptCapacitor:
    :path: "../../../../../../capture/receipt/capacitor"
  MytikiTikiSdkCapacitor:
    :path: "../../node_modules/@mytiki/tiki-sdk-capacitor"

SPEC CHECKSUMS:
  Capacitor: 4c0681b47eebeba1f902093d24149cf2f518393e
  CapacitorCordova: 1222fdd78bfd0d323cc22bf254eed1484fe6c92a
  MytikiCaptureReceiptCapacitor: 1cdd272536280411e36d3c6e42d0c1cd7a5cff44
  MytikiTikiSdkCapacitor: 7fb71c6099dd3bba5c75ee7ec1dd30bd90c78c9c

PODFILE CHECKSUM: a228f04e46fda6c881405538630e738fea9fe961

COCOAPODS: 1.12.1
